
Microsoft Visual Studio Solution File, Format Version 12.00
# Visual Studio Version 17
VisualStudioVersion = 17.5.33530.505
MinimumVisualStudioVersion = 10.0.40219.1
Project("{FAE04EC0-301F-11D3-BF4B-00C04F79EFBC}") = "SyncServer", "SyncServer.csproj", "{CC415827-5ECC-463A-9963-0CF68F2A14B6}"
EndProject
Global
	GlobalSection(SolutionConfigurationPlatforms) = preSolution
		Debug|Any CPU = Debug|Any CPU
		Release|Any CPU = Release|Any CPU
	EndGlobalSection
	GlobalSection(ProjectConfigurationPlatforms) = postSolution
		{CC415827-5ECC-463A-9963-0CF68F2A14B6}.Debug|Any CPU.ActiveCfg = Debug|Any CPU
		{CC415827-5ECC-463A-9963-0CF68F2A14B6}.Debug|Any CPU.Build.0 = Debug|Any CPU
		{CC415827-5ECC-463A-9963-0CF68F2A14B6}.Release|Any CPU.ActiveCfg = Release|Any CPU
		{CC415827-5ECC-463A-9963-0CF68F2A14B6}.Release|Any CPU.Build.0 = Release|Any CPU
	EndGlobalSection
	GlobalSection(SolutionProperties) = preSolution
		HideSolutionNode = FALSE
	EndGlobalSection
	GlobalSection(ExtensibilityGlobals) = postSolution
		SolutionGuid = {D774E0B4-B654-4279-8C7F-9410C89EE560}
	EndGlobalSection
EndGlobal
